
Microsoft Visual Studio Solution File, Format Version 12.00
# Visual Studio Version 17
VisualStudioVersion = 17.8.34330.188
MinimumVisualStudioVersion = 10.0.40219.1
Project("{FAE04EC0-301F-11D3-BF4B-00C04F79EFBC}") = "NorthwindAPI", "NorthwindAPI\NorthwindAPI.csproj", "{1D7EFF2C-D46A-4557-89B5-732609A8822E}"
EndProject
Project("{FAE04EC0-301F-11D3-BF4B-00C04F79EFBC}") = "Northwind", "Northwind\Northwind.csproj", "{495A5D8D-655F-4353-BED7-7C3C735BC569}"
EndProject
Global
	GlobalSection(SolutionConfigurationPlatforms) = preSolution
		Debug|Any CPU = Debug|Any CPU
		Release|Any CPU = Release|Any CPU
	EndGlobalSection
	GlobalSection(ProjectConfigurationPlatforms) = postSolution
		{1D7EFF2C-D46A-4557-89B5-732609A8822E}.Debug|Any CPU.ActiveCfg = Debug|Any CPU
		{1D7EFF2C-D46A-4557-89B5-732609A8822E}.Debug|Any CPU.Build.0 = Debug|Any CPU
		{1D7EFF2C-D46A-4557-89B5-732609A8822E}.Release|Any CPU.ActiveCfg = Release|Any CPU
		{1D7EFF2C-D46A-4557-89B5-732609A8822E}.Release|Any CPU.Build.0 = Release|Any CPU
		{495A5D8D-655F-4353-BED7-7C3C735BC569}.Debug|Any CPU.ActiveCfg = Debug|Any CPU
		{495A5D8D-655F-4353-BED7-7C3C735BC569}.Debug|Any CPU.Build.0 = Debug|Any CPU
		{495A5D8D-655F-4353-BED7-7C3C735BC569}.Release|Any CPU.ActiveCfg = Release|Any CPU
		{495A5D8D-655F-4353-BED7-7C3C735BC569}.Release|Any CPU.Build.0 = Release|Any CPU
	EndGlobalSection
	GlobalSection(SolutionProperties) = preSolution
		HideSolutionNode = FALSE
	EndGlobalSection
	GlobalSection(ExtensibilityGlobals) = postSolution
		SolutionGuid = {BF08DC76-54D5-4437-88DA-9CCA4B527C38}
	EndGlobalSection
EndGlobal
